Microsoft Visual Studio Solution File, Format Version 12.00
# Visual Studio 2012
Project("{FAE04EC0-301F-11D3-BF4B-00C04F79EFBC}") = "AeroFighters", "AeroFighters.csproj", "{653F7729-B4E3-42D0-B3E7-26BE79AC9F5E}"
EndProject
Global
	GlobalSection(SolutionConfigurationPlatforms) = preSolution
	Debug|Any CPU = Debug|Any CPU
	ExportDebug|Any CPU = ExportDebug|Any CPU
	ExportRelease|Any CPU = ExportRelease|Any CPU
	EndGlobalSection
	GlobalSection(ProjectConfigurationPlatforms) = postSolution
		{653F7729-B4E3-42D0-B3E7-26BE79AC9F5E}.Debug|Any CPU.ActiveCfg = Debug|Any CPU
		{653F7729-B4E3-42D0-B3E7-26BE79AC9F5E}.Debug|Any CPU.Build.0 = Debug|Any CPU
		{653F7729-B4E3-42D0-B3E7-26BE79AC9F5E}.ExportDebug|Any CPU.ActiveCfg = ExportDebug|Any CPU
		{653F7729-B4E3-42D0-B3E7-26BE79AC9F5E}.ExportDebug|Any CPU.Build.0 = ExportDebug|Any CPU
		{653F7729-B4E3-42D0-B3E7-26BE79AC9F5E}.ExportRelease|Any CPU.ActiveCfg = ExportRelease|Any CPU
		{653F7729-B4E3-42D0-B3E7-26BE79AC9F5E}.ExportRelease|Any CPU.Build.0 = ExportRelease|Any CPU
	EndGlobalSection
EndGlobal
